
Microsoft Visual Studio Solution File, Format Version 12.00
# Visual Studio 15
Project("{FAE04EC0-301F-11D3-BF4B-00C04F79EFBC}") = "VRMShaders.VRM10.MToon10.Runtime", "VRMShaders.VRM10.MToon10.Runtime.csproj", "{267B88B4-B594-895D-4D1F-5FA500C5B4FC}"
EndProject
Project("{FAE04EC0-301F-11D3-BF4B-00C04F79EFBC}") = "UniHumanoid", "UniHumanoid.csproj", "{824BF393-12DD-2539-42CE-102D36690DEF}"
EndProject
Project("{FAE04EC0-301F-11D3-BF4B-00C04F79EFBC}") = "VRMShaders.GLTF.IO.Runtime", "VRMShaders.GLTF.IO.Runtime.csproj", "{098C647A-4F5E-D256-1A69-434DBB81D9F2}"
EndProject
Project("{FAE04EC0-301F-11D3-BF4B-00C04F79EFBC}") = "Assembly-CSharp-firstpass", "Assembly-CSharp-firstpass.csproj", "{C6E826BF-5577-DA0A-CB98-98FDA89AB7A9}"
EndProject
Project("{FAE04EC0-301F-11D3-BF4B-00C04F79EFBC}") = "UniGLTF", "UniGLTF.csproj", "{3D517BAF-4FA5-FFCD-6702-EB7FA4299536}"
EndProject
Project("{FAE04EC0-301F-11D3-BF4B-00C04F79EFBC}") = "VRM", "VRM.csproj", "{3294FF84-D253-A17C-4A4C-996FF7BC134E}"
EndProject
Project("{FAE04EC0-301F-11D3-BF4B-00C04F79EFBC}") = "FastSpringBone", "FastSpringBone.csproj", "{C398E6BA-09F4-D9B7-3DAA-1AFDBF88FB0B}"
EndProject
Project("{FAE04EC0-301F-11D3-BF4B-00C04F79EFBC}") = "Assembly-CSharp-Editor", "Assembly-CSharp-Editor.csproj", "{78167041-C146-43A7-A7DF-6B992EB3AFE1}"
EndProject
Project("{FAE04EC0-301F-11D3-BF4B-00C04F79EFBC}") = "VRMShaders.GLTF.UniUnlit.Editor", "VRMShaders.GLTF.UniUnlit.Editor.csproj", "{A4C90ED9-DD88-95D1-1D7E-B5F4368F2656}"
EndProject
Project("{FAE04EC0-301F-11D3-BF4B-00C04F79EFBC}") = "UniGLTF.Tests", "UniGLTF.Tests.csproj", "{8D0C2692-2037-6CC4-ECB1-1E93129CB90A}"
EndProject
Project("{FAE04EC0-301F-11D3-BF4B-00C04F79EFBC}") = "UniGLTF.Editor", "UniGLTF.Editor.csproj", "{44643FA6-B1C2-3BF0-A6A2-8A512047D7D2}"
EndProject
Project("{FAE04EC0-301F-11D3-BF4B-00C04F79EFBC}") = "VRMShaders.GLTF.IO.Editor", "VRMShaders.GLTF.IO.Editor.csproj", "{9EAAE750-9C38-D518-8EB4-C7536A6FCA8F}"
EndProject
Project("{FAE04EC0-301F-11D3-BF4B-00C04F79EFBC}") = "UniVRM.Editor", "UniVRM.Editor.csproj", "{0ABAD1DC-F912-F266-FA6E-B742F351A846}"
EndProject
Project("{FAE04EC0-301F-11D3-BF4B-00C04F79EFBC}") = "VRMShaders.GLTF.IO.Tests", "VRMShaders.GLTF.IO.Tests.csproj", "{00CD2762-B299-5E91-A8F6-AE5404611035}"
EndProject
Project("{FAE04EC0-301F-11D3-BF4B-00C04F79EFBC}") = "VRM.Tests", "VRM.Tests.csproj", "{0D69ACA3-028C-266A-AF2F-DEDC13D6382C}"
EndProject
Project("{FAE04EC0-301F-11D3-BF4B-00C04F79EFBC}") = "UniHumanoid.Editor", "UniHumanoid.Editor.csproj", "{862805E5-1251-ED28-FC9D-52671E9A9318}"
EndProject
Project("{FAE04EC0-301F-11D3-BF4B-00C04F79EFBC}") = "MToon", "MToon.csproj", "{380DC218-9652-24E8-302B-37A46A0B0AFC}"
EndProject
Project("{FAE04EC0-301F-11D3-BF4B-00C04F79EFBC}") = "Assembly-CSharp", "Assembly-CSharp.csproj", "{12EA1375-5319-E29D-8BD5-7CB20A9CB84E}"
EndProject
Project("{FAE04EC0-301F-11D3-BF4B-00C04F79EFBC}") = "VRM.Samples.Editor.Tests", "VRM.Samples.Editor.Tests.csproj", "{A63A60DE-553D-E2AB-7951-E8FBCA7F0880}"
EndProject
Project("{FAE04EC0-301F-11D3-BF4B-00C04F79EFBC}") = "Assembly-CSharp-Editor-firstpass", "Assembly-CSharp-Editor-firstpass.csproj", "{2D57B3C7-371B-48C7-A69E-E8B036796D00}"
EndProject
Project("{FAE04EC0-301F-11D3-BF4B-00C04F79EFBC}") = "MToon.Editor", "MToon.Editor.csproj", "{32768DA4-C051-5574-6EF2-898D4D58DF8D}"
EndProject
Project("{FAE04EC0-301F-11D3-BF4B-00C04F79EFBC}") = "VRMShaders.VRM10.MToon10.Editor", "VRMShaders.VRM10.MToon10.Editor.csproj", "{824AB4B3-8644-9654-3BD1-54664CAE23CF}"
EndProject
Project("{FAE04EC0-301F-11D3-BF4B-00C04F79EFBC}") = "UniHumanoid.Editor.Tests", "UniHumanoid.Editor.Tests.csproj", "{E9802786-1AA3-1DF1-EB41-173052E76200}"
EndProject
Project("{FAE04EC0-301F-11D3-BF4B-00C04F79EFBC}") = "UniGLTF.Utils", "UniGLTF.Utils.csproj", "{1C988C14-0954-70A5-CC1E-59239D336FE0}"
EndProject
Project("{FAE04EC0-301F-11D3-BF4B-00C04F79EFBC}") = "VRMShaders.VRM.IO.Runtime", "VRMShaders.VRM.IO.Runtime.csproj", "{A1E67E48-564C-2D06-B06C-A45CF3C4E86E}"
EndProject
Project("{FAE04EC0-301F-11D3-BF4B-00C04F79EFBC}") = "VRMShaders.VRM10.Format.Runtime", "VRMShaders.VRM10.Format.Runtime.csproj", "{30227A99-657D-2BC7-077D-AF931AB4DD25}"
EndProject
Project("{FAE04EC0-301F-11D3-BF4B-00C04F79EFBC}") = "VRMShaders.VRM10.MToon10.Tests", "VRMShaders.VRM10.MToon10.Tests.csproj", "{09D89C15-9683-63A1-6E4D-DD52D5B91E2F}"
EndProject
Project("{FAE04EC0-301F-11D3-BF4B-00C04F79EFBC}") = "VRMShaders.GLTF.UniUnlit.Runtime", "VRMShaders.GLTF.UniUnlit.Runtime.csproj", "{E5DA89E9-6C52-D074-C25C-20B5E85C17D6}"
EndProject
Global
	GlobalSection(SolutionConfigurationPlatforms) = preSolution
		Debug|Any CPU = Debug|Any CPU
		Release|Any CPU = Release|Any CPU
	EndGlobalSection
	GlobalSection(ProjectConfigurationPlatforms) = postSolution
		{267B88B4-B594-895D-4D1F-5FA500C5B4FC}.Debug|Any CPU.ActiveCfg = Debug|Any CPU
		{267B88B4-B594-895D-4D1F-5FA500C5B4FC}.Debug|Any CPU.Build.0 = Debug|Any CPU
		{267B88B4-B594-895D-4D1F-5FA500C5B4FC}.Release|Any CPU.ActiveCfg = Release|Any CPU
		{267B88B4-B594-895D-4D1F-5FA500C5B4FC}.Release|Any CPU.Build.0 = Release|Any CPU
		{824BF393-12DD-2539-42CE-102D36690DEF}.Debug|Any CPU.ActiveCfg = Debug|Any CPU
		{824BF393-12DD-2539-42CE-102D36690DEF}.Debug|Any CPU.Build.0 = Debug|Any CPU
		{824BF393-12DD-2539-42CE-102D36690DEF}.Release|Any CPU.ActiveCfg = Release|Any CPU
		{824BF393-12DD-2539-42CE-102D36690DEF}.Release|Any CPU.Build.0 = Release|Any CPU
		{098C647A-4F5E-D256-1A69-434DBB81D9F2}.Debug|Any CPU.ActiveCfg = Debug|Any CPU
		{098C647A-4F5E-D256-1A69-434DBB81D9F2}.Debug|Any CPU.Build.0 = Debug|Any CPU
		{098C647A-4F5E-D256-1A69-434DBB81D9F2}.Release|Any CPU.ActiveCfg = Release|Any CPU
		{098C647A-4F5E-D256-1A69-434DBB81D9F2}.Release|Any CPU.Build.0 = Release|Any CPU
		{C6E826BF-5577-DA0A-CB98-98FDA89AB7A9}.Debug|Any CPU.ActiveCfg = Debug|Any CPU
		{C6E826BF-5577-DA0A-CB98-98FDA89AB7A9}.Debug|Any CPU.Build.0 = Debug|Any CPU
		{C6E826BF-5577-DA0A-CB98-98FDA89AB7A9}.Release|Any CPU.ActiveCfg = Release|Any CPU
		{C6E826BF-5577-DA0A-CB98-98FDA89AB7A9}.Release|Any CPU.Build.0 = Release|Any CPU
		{3D517BAF-4FA5-FFCD-6702-EB7FA4299536}.Debug|Any CPU.ActiveCfg = Debug|Any CPU
		{3D517BAF-4FA5-FFCD-6702-EB7FA4299536}.Debug|Any CPU.Build.0 = Debug|Any CPU
		{3D517BAF-4FA5-FFCD-6702-EB7FA4299536}.Release|Any CPU.ActiveCfg = Release|Any CPU
		{3D517BAF-4FA5-FFCD-6702-EB7FA4299536}.Release|Any CPU.Build.0 = Release|Any CPU
		{3294FF84-D253-A17C-4A4C-996FF7BC134E}.Debug|Any CPU.ActiveCfg = Debug|Any CPU
		{3294FF84-D253-A17C-4A4C-996FF7BC134E}.Debug|Any CPU.Build.0 = Debug|Any CPU
		{3294FF84-D253-A17C-4A4C-996FF7BC134E}.Release|Any CPU.ActiveCfg = Release|Any CPU
		{3294FF84-D253-A17C-4A4C-996FF7BC134E}.Release|Any CPU.Build.0 = Release|Any CPU
		{C398E6BA-09F4-D9B7-3DAA-1AFDBF88FB0B}.Debug|Any CPU.ActiveCfg = Debug|Any CPU
		{C398E6BA-09F4-D9B7-3DAA-1AFDBF88FB0B}.Debug|Any CPU.Build.0 = Debug|Any CPU
		{C398E6BA-09F4-D9B7-3DAA-1AFDBF88FB0B}.Release|Any CPU.ActiveCfg = Release|Any CPU
		{C398E6BA-09F4-D9B7-3DAA-1AFDBF88FB0B}.Release|Any CPU.Build.0 = Release|Any CPU
		{78167041-C146-43A7-A7DF-6B992EB3AFE1}.Debug|Any CPU.ActiveCfg = Debug|Any CPU
		{78167041-C146-43A7-A7DF-6B992EB3AFE1}.Debug|Any CPU.Build.0 = Debug|Any CPU
		{78167041-C146-43A7-A7DF-6B992EB3AFE1}.Release|Any CPU.ActiveCfg = Release|Any CPU
		{78167041-C146-43A7-A7DF-6B992EB3AFE1}.Release|Any CPU.Build.0 = Release|Any CPU
		{A4C90ED9-DD88-95D1-1D7E-B5F4368F2656}.Debug|Any CPU.ActiveCfg = Debug|Any CPU
		{A4C90ED9-DD88-95D1-1D7E-B5F4368F2656}.Debug|Any CPU.Build.0 = Debug|Any CPU
		{A4C90ED9-DD88-95D1-1D7E-B5F4368F2656}.Release|Any CPU.ActiveCfg = Release|Any CPU
		{A4C90ED9-DD88-95D1-1D7E-B5F4368F2656}.Release|Any CPU.Build.0 = Release|Any CPU
		{8D0C2692-2037-6CC4-ECB1-1E93129CB90A}.Debug|Any CPU.ActiveCfg = Debug|Any CPU
		{8D0C2692-2037-6CC4-ECB1-1E93129CB90A}.Debug|Any CPU.Build.0 = Debug|Any CPU
		{8D0C2692-2037-6CC4-ECB1-1E93129CB90A}.Release|Any CPU.ActiveCfg = Release|Any CPU
		{8D0C2692-2037-6CC4-ECB1-1E93129CB90A}.Release|Any CPU.Build.0 = Release|Any CPU
		{44643FA6-B1C2-3BF0-A6A2-8A512047D7D2}.Debug|Any CPU.ActiveCfg = Debug|Any CPU
		{44643FA6-B1C2-3BF0-A6A2-8A512047D7D2}.Debug|Any CPU.Build.0 = Debug|Any CPU
		{44643FA6-B1C2-3BF0-A6A2-8A512047D7D2}.Release|Any CPU.ActiveCfg = Release|Any CPU
		{44643FA6-B1C2-3BF0-A6A2-8A512047D7D2}.Release|Any CPU.Build.0 = Release|Any CPU
		{9EAAE750-9C38-D518-8EB4-C7536A6FCA8F}.Debug|Any CPU.ActiveCfg = Debug|Any CPU
		{9EAAE750-9C38-D518-8EB4-C7536A6FCA8F}.Debug|Any CPU.Build.0 = Debug|Any CPU
		{9EAAE750-9C38-D518-8EB4-C7536A6FCA8F}.Release|Any CPU.ActiveCfg = Release|Any CPU
		{9EAAE750-9C38-D518-8EB4-C7536A6FCA8F}.Release|Any CPU.Build.0 = Release|Any CPU
		{0ABAD1DC-F912-F266-FA6E-B742F351A846}.Debug|Any CPU.ActiveCfg = Debug|Any CPU
		{0ABAD1DC-F912-F266-FA6E-B742F351A846}.Debug|Any CPU.Build.0 = Debug|Any CPU
		{0ABAD1DC-F912-F266-FA6E-B742F351A846}.Release|Any CPU.ActiveCfg = Release|Any CPU
		{0ABAD1DC-F912-F266-FA6E-B742F351A846}.Release|Any CPU.Build.0 = Release|Any CPU
		{00CD2762-B299-5E91-A8F6-AE5404611035}.Debug|Any CPU.ActiveCfg = Debug|Any CPU
		{00CD2762-B299-5E91-A8F6-AE5404611035}.Debug|Any CPU.Build.0 = Debug|Any CPU
		{00CD2762-B299-5E91-A8F6-AE5404611035}.Release|Any CPU.ActiveCfg = Release|Any CPU
		{00CD2762-B299-5E91-A8F6-AE5404611035}.Release|Any CPU.Build.0 = Release|Any CPU
		{0D69ACA3-028C-266A-AF2F-DEDC13D6382C}.Debug|Any CPU.ActiveCfg = Debug|Any CPU
		{0D69ACA3-028C-266A-AF2F-DEDC13D6382C}.Debug|Any CPU.Build.0 = Debug|Any CPU
		{0D69ACA3-028C-266A-AF2F-DEDC13D6382C}.Release|Any CPU.ActiveCfg = Release|Any CPU
		{0D69ACA3-028C-266A-AF2F-DEDC13D6382C}.Release|Any CPU.Build.0 = Release|Any CPU
		{862805E5-1251-ED28-FC9D-52671E9A9318}.Debug|Any CPU.ActiveCfg = Debug|Any CPU
		{862805E5-1251-ED28-FC9D-52671E9A9318}.Debug|Any CPU.Build.0 = Debug|Any CPU
		{862805E5-1251-ED28-FC9D-52671E9A9318}.Release|Any CPU.ActiveCfg = Release|Any CPU
		{862805E5-1251-ED28-FC9D-52671E9A9318}.Release|Any CPU.Build.0 = Release|Any CPU
		{380DC218-9652-24E8-302B-37A46A0B0AFC}.Debug|Any CPU.ActiveCfg = Debug|Any CPU
		{380DC218-9652-24E8-302B-37A46A0B0AFC}.Debug|Any CPU.Build.0 = Debug|Any CPU
		{380DC218-9652-24E8-302B-37A46A0B0AFC}.Release|Any CPU.ActiveCfg = Release|Any CPU
		{380DC218-9652-24E8-302B-37A46A0B0AFC}.Release|Any CPU.Build.0 = Release|Any CPU
		{12EA1375-5319-E29D-8BD5-7CB20A9CB84E}.Debug|Any CPU.ActiveCfg = Debug|Any CPU
		{12EA1375-5319-E29D-8BD5-7CB20A9CB84E}.Debug|Any CPU.Build.0 = Debug|Any CPU
		{12EA1375-5319-E29D-8BD5-7CB20A9CB84E}.Release|Any CPU.ActiveCfg = Release|Any CPU
		{12EA1375-5319-E29D-8BD5-7CB20A9CB84E}.Release|Any CPU.Build.0 = Release|Any CPU
		{A63A60DE-553D-E2AB-7951-E8FBCA7F0880}.Debug|Any CPU.ActiveCfg = Debug|Any CPU
		{A63A60DE-553D-E2AB-7951-E8FBCA7F0880}.Debug|Any CPU.Build.0 = Debug|Any CPU
		{A63A60DE-553D-E2AB-7951-E8FBCA7F0880}.Release|Any CPU.ActiveCfg = Release|Any CPU
		{A63A60DE-553D-E2AB-7951-E8FBCA7F0880}.Release|Any CPU.Build.0 = Release|Any CPU
		{2D57B3C7-371B-48C7-A69E-E8B036796D00}.Debug|Any CPU.ActiveCfg = Debug|Any CPU
		{2D57B3C7-371B-48C7-A69E-E8B036796D00}.Debug|Any CPU.Build.0 = Debug|Any CPU
		{2D57B3C7-371B-48C7-A69E-E8B036796D00}.Release|Any CPU.ActiveCfg = Release|Any CPU
		{2D57B3C7-371B-48C7-A69E-E8B036796D00}.Release|Any CPU.Build.0 = Release|Any CPU
		{32768DA4-C051-5574-6EF2-898D4D58DF8D}.Debug|Any CPU.ActiveCfg = Debug|Any CPU
		{32768DA4-C051-5574-6EF2-898D4D58DF8D}.Debug|Any CPU.Build.0 = Debug|Any CPU
		{32768DA4-C051-5574-6EF2-898D4D58DF8D}.Release|Any CPU.ActiveCfg = Release|Any CPU
		{32768DA4-C051-5574-6EF2-898D4D58DF8D}.Release|Any CPU.Build.0 = Release|Any CPU
		{824AB4B3-8644-9654-3BD1-54664CAE23CF}.Debug|Any CPU.ActiveCfg = Debug|Any CPU
		{824AB4B3-8644-9654-3BD1-54664CAE23CF}.Debug|Any CPU.Build.0 = Debug|Any CPU
		{824AB4B3-8644-9654-3BD1-54664CAE23CF}.Release|Any CPU.ActiveCfg = Release|Any CPU
		{824AB4B3-8644-9654-3BD1-54664CAE23CF}.Release|Any CPU.Build.0 = Release|Any CPU
		{E9802786-1AA3-1DF1-EB41-173052E76200}.Debug|Any CPU.ActiveCfg = Debug|Any CPU
		{E9802786-1AA3-1DF1-EB41-173052E76200}.Debug|Any CPU.Build.0 = Debug|Any CPU
		{E9802786-1AA3-1DF1-EB41-173052E76200}.Release|Any CPU.ActiveCfg = Release|Any CPU
		{E9802786-1AA3-1DF1-EB41-173052E76200}.Release|Any CPU.Build.0 = Release|Any CPU
		{1C988C14-0954-70A5-CC1E-59239D336FE0}.Debug|Any CPU.ActiveCfg = Debug|Any CPU
		{1C988C14-0954-70A5-CC1E-59239D336FE0}.Debug|Any CPU.Build.0 = Debug|Any CPU
		{1C988C14-0954-70A5-CC1E-59239D336FE0}.Release|Any CPU.ActiveCfg = Release|Any CPU
		{1C988C14-0954-70A5-CC1E-59239D336FE0}.Release|Any CPU.Build.0 = Release|Any CPU
		{A1E67E48-564C-2D06-B06C-A45CF3C4E86E}.Debug|Any CPU.ActiveCfg = Debug|Any CPU
		{A1E67E48-564C-2D06-B06C-A45CF3C4E86E}.Debug|Any CPU.Build.0 = Debug|Any CPU
		{A1E67E48-564C-2D06-B06C-A45CF3C4E86E}.Release|Any CPU.ActiveCfg = Release|Any CPU
		{A1E67E48-564C-2D06-B06C-A45CF3C4E86E}.Release|Any CPU.Build.0 = Release|Any CPU
		{30227A99-657D-2BC7-077D-AF931AB4DD25}.Debug|Any CPU.ActiveCfg = Debug|Any CPU
		{30227A99-657D-2BC7-077D-AF931AB4DD25}.Debug|Any CPU.Build.0 = Debug|Any CPU
		{30227A99-657D-2BC7-077D-AF931AB4DD25}.Release|Any CPU.ActiveCfg = Release|Any CPU
		{30227A99-657D-2BC7-077D-AF931AB4DD25}.Release|Any CPU.Build.0 = Release|Any CPU
		{09D89C15-9683-63A1-6E4D-DD52D5B91E2F}.Debug|Any CPU.ActiveCfg = Debug|Any CPU
		{09D89C15-9683-63A1-6E4D-DD52D5B91E2F}.Debug|Any CPU.Build.0 = Debug|Any CPU
		{09D89C15-9683-63A1-6E4D-DD52D5B91E2F}.Release|Any CPU.ActiveCfg = Release|Any CPU
		{09D89C15-9683-63A1-6E4D-DD52D5B91E2F}.Release|Any CPU.Build.0 = Release|Any CPU
		{E5DA89E9-6C52-D074-C25C-20B5E85C17D6}.Debug|Any CPU.ActiveCfg = Debug|Any CPU
		{E5DA89E9-6C52-D074-C25C-20B5E85C17D6}.Debug|Any CPU.Build.0 = Debug|Any CPU
		{E5DA89E9-6C52-D074-C25C-20B5E85C17D6}.Release|Any CPU.ActiveCfg = Release|Any CPU
		{E5DA89E9-6C52-D074-C25C-20B5E85C17D6}.Release|Any CPU.Build.0 = Release|Any CPU
	EndGlobalSection
	GlobalSection(SolutionProperties) = preSolution
		HideSolutionNode = FALSE
	EndGlobalSection
EndGlobal
